
Microsoft Visual Studio Solution File, Format Version 12.00
# Visual Studio Version 17
VisualStudioVersion = 17.9.34723.18
MinimumVisualStudioVersion = 10.0.40219.1
Project("{FAE04EC0-301F-11D3-BF4B-00C04F79EFBC}") = "my-books", "my-books\my-books.csproj", "{A7A756EF-37BF-4F38-8C49-76325CDBB292}"
EndProject
Global
	GlobalSection(SolutionConfigurationPlatforms) = preSolution
		Debug|Any CPU = Debug|Any CPU
		Release|Any CPU = Release|Any CPU
	EndGlobalSection
	GlobalSection(ProjectConfigurationPlatforms) = postSolution
		{A7A756EF-37BF-4F38-8C49-76325CDBB292}.Debug|Any CPU.ActiveCfg = Debug|Any CPU
		{A7A756EF-37BF-4F38-8C49-76325CDBB292}.Debug|Any CPU.Build.0 = Debug|Any CPU
		{A7A756EF-37BF-4F38-8C49-76325CDBB292}.Release|Any CPU.ActiveCfg = Release|Any CPU
		{A7A756EF-37BF-4F38-8C49-76325CDBB292}.Release|Any CPU.Build.0 = Release|Any CPU
	EndGlobalSection
	GlobalSection(SolutionProperties) = preSolution
		HideSolutionNode = FALSE
	EndGlobalSection
	GlobalSection(ExtensibilityGlobals) = postSolution
		SolutionGuid = {AE0387C9-6244-4A94-AE37-D4FD1B0E2AA1}
	EndGlobalSection
EndGlobal
